
Microsoft Visual Studio Solution File, Format Version 12.00
# Visual Studio Version 17
VisualStudioVersion = 17.10.35013.160
MinimumVisualStudioVersion = 10.0.40219.1
Project("{9A19103F-16F7-4668-BE54-9A1E7A4F7556}") = "BusTicket", "BusTicket.csproj", "{1F683F76-62A0-4BC5-A4ED-0F537F6D834C}"
EndProject
Global
	GlobalSection(SolutionConfigurationPlatforms) = preSolution
		Debug|Any CPU = Debug|Any CPU
		Release|Any CPU = Release|Any CPU
	EndGlobalSection
	GlobalSection(ProjectConfigurationPlatforms) = postSolution
		{1F683F76-62A0-4BC5-A4ED-0F537F6D834C}.Debug|Any CPU.ActiveCfg = Debug|Any CPU
		{1F683F76-62A0-4BC5-A4ED-0F537F6D834C}.Debug|Any CPU.Build.0 = Debug|Any CPU
		{1F683F76-62A0-4BC5-A4ED-0F537F6D834C}.Release|Any CPU.ActiveCfg = Release|Any CPU
		{1F683F76-62A0-4BC5-A4ED-0F537F6D834C}.Release|Any CPU.Build.0 = Release|Any CPU
	EndGlobalSection
	GlobalSection(SolutionProperties) = preSolution
		HideSolutionNode = FALSE
	EndGlobalSection
	GlobalSection(ExtensibilityGlobals) = postSolution
		SolutionGuid = {459364E7-31D1-4FB1-9299-E589F5CA2982}
	EndGlobalSection
EndGlobal
